
Microsoft Visual Studio Solution File, Format Version 12.00
# Visual Studio Version 16
VisualStudioVersion = 16.0.30011.22
MinimumVisualStudioVersion = 10.0.40219.1
Project("{FAE04EC0-301F-11D3-BF4B-00C04F79EFBC}") = "El_Mundo_de_5_Peso", "El_Mundo_de_5_Peso\El_Mundo_de_5_Peso.csproj", "{4413D42F-D8BC-4B97-AC05-7A9B9D3DE8BB}"
EndProject
Global
	GlobalSection(SolutionConfigurationPlatforms) = preSolution
		Debug|Any CPU = Debug|Any CPU
		Release|Any CPU = Release|Any CPU
	EndGlobalSection
	GlobalSection(ProjectConfigurationPlatforms) = postSolution
		{4413D42F-D8BC-4B97-AC05-7A9B9D3DE8BB}.Debug|Any CPU.ActiveCfg = Debug|Any CPU
		{4413D42F-D8BC-4B97-AC05-7A9B9D3DE8BB}.Debug|Any CPU.Build.0 = Debug|Any CPU
		{4413D42F-D8BC-4B97-AC05-7A9B9D3DE8BB}.Release|Any CPU.ActiveCfg = Release|Any CPU
		{4413D42F-D8BC-4B97-AC05-7A9B9D3DE8BB}.Release|Any CPU.Build.0 = Release|Any CPU
	EndGlobalSection
	GlobalSection(SolutionProperties) = preSolution
		HideSolutionNode = FALSE
	EndGlobalSection
	GlobalSection(ExtensibilityGlobals) = postSolution
		SolutionGuid = {98982745-EEF2-45A7-963E-AD653EA4DE13}
	EndGlobalSection
EndGlobal
